
Microsoft Visual Studio Solution File, Format Version 12.00
# Visual Studio Version 17
VisualStudioVersion = 17.14.36623.8 d17.14
MinimumVisualStudioVersion = 10.0.40219.1
Project("{FAE04EC0-301F-11D3-BF4B-00C04F79EFBC}") = "WebApp", "WebApp.csproj", "{2C090BAA-0684-4553-B6CB-492E032E863D}"
EndProject
Global
	GlobalSection(SolutionConfigurationPlatforms) = preSolution
		Debug|Any CPU = Debug|Any CPU
		Release|Any CPU = Release|Any CPU
	EndGlobalSection
	GlobalSection(ProjectConfigurationPlatforms) = postSolution
		{2C090BAA-0684-4553-B6CB-492E032E863D}.Debug|Any CPU.ActiveCfg = Debug|Any CPU
		{2C090BAA-0684-4553-B6CB-492E032E863D}.Debug|Any CPU.Build.0 = Debug|Any CPU
		{2C090BAA-0684-4553-B6CB-492E032E863D}.Release|Any CPU.ActiveCfg = Release|Any CPU
		{2C090BAA-0684-4553-B6CB-492E032E863D}.Release|Any CPU.Build.0 = Release|Any CPU
	EndGlobalSection
	GlobalSection(SolutionProperties) = preSolution
		HideSolutionNode = FALSE
	EndGlobalSection
	GlobalSection(ExtensibilityGlobals) = postSolution
		SolutionGuid = {81434CEC-EFEE-439B-B94F-A6509D17270E}
	EndGlobalSection
EndGlobal
